
Microsoft Visual Studio Solution File, Format Version 12.00
# Visual Studio Version 17
VisualStudioVersion = 17.9.34723.18
MinimumVisualStudioVersion = 10.0.40219.1
Project("{FAE04EC0-301F-11D3-BF4B-00C04F79EFBC}") = "TextureMapper", "TextureMapper\TextureMapper.csproj", "{E76F1BFA-00DD-4B15-ACE4-75BF8E3D58BB}"
EndProject
Global
	GlobalSection(SolutionConfigurationPlatforms) = preSolution
		Debug|Any CPU = Debug|Any CPU
		Release|Any CPU = Release|Any CPU
	EndGlobalSection
	GlobalSection(ProjectConfigurationPlatforms) = postSolution
		{E76F1BFA-00DD-4B15-ACE4-75BF8E3D58BB}.Debug|Any CPU.ActiveCfg = Debug|Any CPU
		{E76F1BFA-00DD-4B15-ACE4-75BF8E3D58BB}.Debug|Any CPU.Build.0 = Debug|Any CPU
		{E76F1BFA-00DD-4B15-ACE4-75BF8E3D58BB}.Release|Any CPU.ActiveCfg = Release|Any CPU
		{E76F1BFA-00DD-4B15-ACE4-75BF8E3D58BB}.Release|Any CPU.Build.0 = Release|Any CPU
	EndGlobalSection
	GlobalSection(SolutionProperties) = preSolution
		HideSolutionNode = FALSE
	EndGlobalSection
	GlobalSection(ExtensibilityGlobals) = postSolution
		SolutionGuid = {0006452F-978F-42BB-B3DC-389278F990AB}
	EndGlobalSection
EndGlobal
